
Microsoft Visual Studio Solution File, Format Version 12.00
# Visual Studio Version 17
VisualStudioVersion = 17.4.33122.133
MinimumVisualStudioVersion = 10.0.40219.1
Project("{FAE04EC0-301F-11D3-BF4B-00C04F79EFBC}") = "Youtube Downloader Mp4 and Mp3", "Youtube Downloader Mp4 and Mp3\Youtube Downloader Mp4 and Mp3.csproj", "{05E0078B-74C9-4881-8E95-A6C33C8E7401}"
EndProject
Project("{54435603-DBB4-11D2-8724-00A0C9A8B90C}") = "Youtube Downloader Setup", "Youtube Downloader Setup\Youtube Downloader Setup.vdproj", "{A5E9A385-1626-492E-978E-3AF7E5DE578D}"
EndProject
Global
	GlobalSection(SolutionConfigurationPlatforms) = preSolution
		Debug|Any CPU = Debug|Any CPU
		Release|Any CPU = Release|Any CPU
	EndGlobalSection
	GlobalSection(ProjectConfigurationPlatforms) = postSolution
		{05E0078B-74C9-4881-8E95-A6C33C8E7401}.Debug|Any CPU.ActiveCfg = Debug|Any CPU
		{05E0078B-74C9-4881-8E95-A6C33C8E7401}.Debug|Any CPU.Build.0 = Debug|Any CPU
		{05E0078B-74C9-4881-8E95-A6C33C8E7401}.Release|Any CPU.ActiveCfg = Release|Any CPU
		{05E0078B-74C9-4881-8E95-A6C33C8E7401}.Release|Any CPU.Build.0 = Release|Any CPU
		{A5E9A385-1626-492E-978E-3AF7E5DE578D}.Debug|Any CPU.ActiveCfg = Debug
		{A5E9A385-1626-492E-978E-3AF7E5DE578D}.Release|Any CPU.ActiveCfg = Release
	EndGlobalSection
	GlobalSection(SolutionProperties) = preSolution
		HideSolutionNode = FALSE
	EndGlobalSection
	GlobalSection(ExtensibilityGlobals) = postSolution
		SolutionGuid = {4DD95F5E-9055-46FA-AF56-E304DEACF200}
	EndGlobalSection
EndGlobal
